// !$*UTF8*$!
{
	archiveVersion = 1;
	classes = {
	};
	objectVersion = 55;
	objects = {

/* Begin PBXBuildFile section */
		6501928528F58E6500EE6BAB /* FeedLoaderStub.swift in Sources */ = {isa = PBXBuildFile; fileRef = 6501928428F58E6500EE6BAB /* FeedLoaderStub.swift */; };
		6501928728F5928300EE6BAB /* XCTestCase+FeedLoader.swift in Sources */ = {isa = PBXBuildFile; fileRef = 6501928628F5928300EE6BAB /* XCTestCase+FeedLoader.swift */; };
		65A074B6291CD08F00B8FFE6 /* SceneDelegateTests.swift in Sources */ = {isa = PBXBuildFile; fileRef = 65A074B5291CD08F00B8FFE6 /* SceneDelegateTests.swift */; };
		65A074BD291CD4D000B8FFE6 /* FeedUIComposer.swift in Sources */ = {isa = PBXBuildFile; fileRef = 65A074B7291CD4CF00B8FFE6 /* FeedUIComposer.swift */; };
		65A074BE291CD4D000B8FFE6 /* FeedViewAdapter.swift in Sources */ = {isa = PBXBuildFile; fileRef = 65A074BB291CD4D000B8FFE6 /* FeedViewAdapter.swift */; };
		65A074C0291CD4D000B8FFE6 /* FeedImageDataLoaderPresentationAdapter.swift in Sources */ = {isa = PBXBuildFile; fileRef = 65A074B9291CD4D000B8FFE6 /* FeedImageDataLoaderPresentationAdapter.swift */; };
		65A074C1291CD4D000B8FFE6 /* FeedPresenterAdapter.swift in Sources */ = {isa = PBXBuildFile; fileRef = 65A074B8291CD4D000B8FFE6 /* FeedPresenterAdapter.swift */; };
		65A074C2291CD4D000B8FFE6 /* WeaKRefVirtualProxy.swift in Sources */ = {isa = PBXBuildFile; fileRef = 65A074BA291CD4D000B8FFE6 /* WeaKRefVirtualProxy.swift */; };
		65A074CC291CD4F300B8FFE6 /* FeedUIIntegrationTests+LoaderSpy.swift in Sources */ = {isa = PBXBuildFile; fileRef = 65A074C3291CD4F200B8FFE6 /* FeedUIIntegrationTests+LoaderSpy.swift */; };
		65A074CD291CD4F300B8FFE6 /* UIRefreshControl+TestHelpers.swift in Sources */ = {isa = PBXBuildFile; fileRef = 65A074CA291CD4F300B8FFE6 /* UIRefreshControl+TestHelpers.swift */; };
		65A074CE291CD4F300B8FFE6 /* FeedViewController+TestHelpers.swift in Sources */ = {isa = PBXBuildFile; fileRef = 65A074C5291CD4F200B8FFE6 /* FeedViewController+TestHelpers.swift */; };
		65A074CF291CD4F300B8FFE6 /* UIButton+TestHelpers.swift in Sources */ = {isa = PBXBuildFile; fileRef = 65A074C9291CD4F300B8FFE6 /* UIButton+TestHelpers.swift */; };
		65A074D0291CD4F300B8FFE6 /* UIControl+TestHelpers.swift in Sources */ = {isa = PBXBuildFile; fileRef = 65A074C6291CD4F200B8FFE6 /* UIControl+TestHelpers.swift */; };
		65A074D1291CD4F300B8FFE6 /* FeedUIIntegrationTests+Localization.swift in Sources */ = {isa = PBXBuildFile; fileRef = 65A074CB291CD4F300B8FFE6 /* FeedUIIntegrationTests+Localization.swift */; };
		65A074D2291CD4F300B8FFE6 /* FeedUIIntegrationTests+Assertions.swift in Sources */ = {isa = PBXBuildFile; fileRef = 65A074C8291CD4F200B8FFE6 /* FeedUIIntegrationTests+Assertions.swift */; };
		65A074D3291CD4F300B8FFE6 /* UIImage+TestHelpers.swift in Sources */ = {isa = PBXBuildFile; fileRef = 65A074C4291CD4F200B8FFE6 /* UIImage+TestHelpers.swift */; };
		65A074D4291CD4F300B8FFE6 /* FeedImageCell+TestHelpers.swift in Sources */ = {isa = PBXBuildFile; fileRef = 65A074C7291CD4F200B8FFE6 /* FeedImageCell+TestHelpers.swift */; };
		65A074D6291CD51B00B8FFE6 /* FeedUIIntegrationTests.swift in Sources */ = {isa = PBXBuildFile; fileRef = 65A074D5291CD51B00B8FFE6 /* FeedUIIntegrationTests.swift */; };
		65A074D8291CD8BE00B8FFE6 /* FeedAcceptanceTests.swift in Sources */ = {isa = PBXBuildFile; fileRef = 65A074D7291CD8BE00B8FFE6 /* FeedAcceptanceTests.swift */; };
		65A265E928DC729F0059A0AA /* XCTestcase+MemoryTracking.swift in Sources */ = {isa = PBXBuildFile; fileRef = 65A265E828DC729F0059A0AA /* XCTestcase+MemoryTracking.swift */; };
		65A265EB28DC73090059A0AA /* SharedTestHelpers.swift in Sources */ = {isa = PBXBuildFile; fileRef = 65A265EA28DC73090059A0AA /* SharedTestHelpers.swift */; };
		65A773D428D8803F00512DEB /* AppDelegate.swift in Sources */ = {isa = PBXBuildFile; fileRef = 65A773D328D8803F00512DEB /* AppDelegate.swift */; };
		65A773D628D8803F00512DEB /* SceneDelegate.swift in Sources */ = {isa = PBXBuildFile; fileRef = 65A773D528D8803F00512DEB /* SceneDelegate.swift */; };
		65A773D828D8803F00512DEB /* ViewController.swift in Sources */ = {isa = PBXBuildFile; fileRef = 65A773D728D8803F00512DEB /* ViewController.swift */; };
		65A773DD28D8804300512DEB /* Assets.xcassets in Resources */ = {isa = PBXBuildFile; fileRef = 65A773DC28D8804300512DEB /* Assets.xcassets */; };
		65A773E028D8804300512DEB /* LaunchScreen.storyboard in Resources */ = {isa = PBXBuildFile; fileRef = 65A773DE28D8804300512DEB /* LaunchScreen.storyboard */; };
		65A7740628D882B900512DEB /* EssentialFeed.framework in Frameworks */ = {isa = PBXBuildFile; fileRef = 65A7740428D882B900512DEB /* EssentialFeed.framework */; };
		65A7740728D882B900512DEB /* EssentialFeed.framework in Embed Frameworks */ = {isa = PBXBuildFile; fileRef = 65A7740428D882B900512DEB /* EssentialFeed.framework */; settings = {ATTRIBUTES = (CodeSignOnCopy, RemoveHeadersOnCopy, ); }; };
		65A7740828D882B900512DEB /* EssentialFeediOS.framework in Frameworks */ = {isa = PBXBuildFile; fileRef = 65A7740528D882B900512DEB /* EssentialFeediOS.framework */; };
		65A7740928D882B900512DEB /* EssentialFeediOS.framework in Embed Frameworks */ = {isa = PBXBuildFile; fileRef = 65A7740528D882B900512DEB /* EssentialFeediOS.framework */; settings = {ATTRIBUTES = (CodeSignOnCopy, RemoveHeadersOnCopy, ); }; };
		65E6815428F96ACE008ED3E8 /* FeedImageDataLoaderSpy.swift in Sources */ = {isa = PBXBuildFile; fileRef = 65E6815328F96ACE008ED3E8 /* FeedImageDataLoaderSpy.swift */; };
/* End PBXBuildFile section */

/* Begin PBXContainerItemProxy section */
		65A773E728D8804400512DEB /* PBXContainerItemProxy */ = {
			isa = PBXContainerItemProxy;
			containerPortal = 65A773C828D8803F00512DEB /* Project object */;
			proxyType = 1;
			remoteGlobalIDString = 65A773CF28D8803F00512DEB;
			remoteInfo = EssentialApp;
		};
/* End PBXContainerItemProxy section */

/* Begin PBXCopyFilesBuildPhase section */
		65A7740A28D882B900512DEB /* Embed Frameworks */ = {
			isa = PBXCopyFilesBuildPhase;
			buildActionMask = 2147483647;
			dstPath = "";
			dstSubfolderSpec = 10;
			files = (
				65A7740728D882B900512DEB /* EssentialFeed.framework in Embed Frameworks */,
				65A7740928D882B900512DEB /* EssentialFeediOS.framework in Embed Frameworks */,
			);
			name = "Embed Frameworks";
			runOnlyForDeploymentPostprocessing = 0;
		};
/* End PBXCopyFilesBuildPhase section */

/* Begin PBXFileReference section */
		6501928428F58E6500EE6BAB /* FeedLoaderStub.swift */ = {isa = PBXFileReference; lastKnownFileType = sourcecode.swift; path = FeedLoaderStub.swift; sourceTree = "<group>"; };
		6501928628F5928300EE6BAB /* XCTestCase+FeedLoader.swift */ = {isa = PBXFileReference; lastKnownFileType = sourcecode.swift; path = "XCTestCase+FeedLoader.swift"; sourceTree = "<group>"; };
		65A074B5291CD08F00B8FFE6 /* SceneDelegateTests.swift */ = {isa = PBXFileReference; lastKnownFileType = sourcecode.swift; path = SceneDelegateTests.swift; sourceTree = "<group>"; };
		65A074B7291CD4CF00B8FFE6 /* FeedUIComposer.swift */ = {isa = PBXFileReference; lastKnownFileType = sourcecode.swift; path = FeedUIComposer.swift; sourceTree = "<group>"; };
		65A074B8291CD4D000B8FFE6 /* FeedPresenterAdapter.swift */ = {isa = PBXFileReference; lastKnownFileType = sourcecode.swift; path = FeedPresenterAdapter.swift; sourceTree = "<group>"; };
		65A074B9291CD4D000B8FFE6 /* FeedImageDataLoaderPresentationAdapter.swift */ = {isa = PBXFileReference; lastKnownFileType = sourcecode.swift; path = FeedImageDataLoaderPresentationAdapter.swift; sourceTree = "<group>"; };
		65A074BA291CD4D000B8FFE6 /* WeaKRefVirtualProxy.swift */ = {isa = PBXFileReference; lastKnownFileType = sourcecode.swift; path = WeaKRefVirtualProxy.swift; sourceTree = "<group>"; };
		65A074BB291CD4D000B8FFE6 /* FeedViewAdapter.swift */ = {isa = PBXFileReference; lastKnownFileType = sourcecode.swift; path = FeedViewAdapter.swift; sourceTree = "<group>"; };
		65A074C3291CD4F200B8FFE6 /* FeedUIIntegrationTests+LoaderSpy.swift */ = {isa = PBXFileReference; lastKnownFileType = sourcecode.swift; path = "FeedUIIntegrationTests+LoaderSpy.swift"; sourceTree = "<group>"; };
		65A074C4291CD4F200B8FFE6 /* UIImage+TestHelpers.swift */ = {isa = PBXFileReference; lastKnownFileType = sourcecode.swift; path = "UIImage+TestHelpers.swift"; sourceTree = "<group>"; };
		65A074C5291CD4F200B8FFE6 /* FeedViewController+TestHelpers.swift */ = {isa = PBXFileReference; lastKnownFileType = sourcecode.swift; path = "FeedViewController+TestHelpers.swift"; sourceTree = "<group>"; };
		65A074C6291CD4F200B8FFE6 /* UIControl+TestHelpers.swift */ = {isa = PBXFileReference; lastKnownFileType = sourcecode.swift; path = "UIControl+TestHelpers.swift"; sourceTree = "<group>"; };
		65A074C7291CD4F200B8FFE6 /* FeedImageCell+TestHelpers.swift */ = {isa = PBXFileReference; lastKnownFileType = sourcecode.swift; path = "FeedImageCell+TestHelpers.swift"; sourceTree = "<group>"; };
		65A074C8291CD4F200B8FFE6 /* FeedUIIntegrationTests+Assertions.swift */ = {isa = PBXFileReference; lastKnownFileType = sourcecode.swift; path = "FeedUIIntegrationTests+Assertions.swift"; sourceTree = "<group>"; };
		65A074C9291CD4F300B8FFE6 /* UIButton+TestHelpers.swift */ = {isa = PBXFileReference; lastKnownFileType = sourcecode.swift; path = "UIButton+TestHelpers.swift"; sourceTree = "<group>"; };
		65A074CA291CD4F300B8FFE6 /* UIRefreshControl+TestHelpers.swift */ = {isa = PBXFileReference; lastKnownFileType = sourcecode.swift; path = "UIRefreshControl+TestHelpers.swift"; sourceTree = "<group>"; };
		65A074CB291CD4F300B8FFE6 /* FeedUIIntegrationTests+Localization.swift */ = {isa = PBXFileReference; lastKnownFileType = sourcecode.swift; path = "FeedUIIntegrationTests+Localization.swift"; sourceTree = "<group>"; };
		65A074D5291CD51B00B8FFE6 /* FeedUIIntegrationTests.swift */ = {isa = PBXFileReference; lastKnownFileType = sourcecode.swift; path = FeedUIIntegrationTests.swift; sourceTree = "<group>"; };
		65A074D7291CD8BE00B8FFE6 /* FeedAcceptanceTests.swift */ = {isa = PBXFileReference; lastKnownFileType = sourcecode.swift; path = FeedAcceptanceTests.swift; sourceTree = "<group>"; };
		65A265E828DC729F0059A0AA /* XCTestcase+MemoryTracking.swift */ = {isa = PBXFileReference; lastKnownFileType = sourcecode.swift; path = "XCTestcase+MemoryTracking.swift"; sourceTree = "<group>"; };
		65A265EA28DC73090059A0AA /* SharedTestHelpers.swift */ = {isa = PBXFileReference; lastKnownFileType = sourcecode.swift; path = SharedTestHelpers.swift; sourceTree = "<group>"; };
		65A773D028D8803F00512DEB /* EssentialApp.app */ = {isa = PBXFileReference; explicitFileType = wrapper.application; includeInIndex = 0; path = EssentialApp.app; sourceTree = BUILT_PRODUCTS_DIR; };
		65A773D328D8803F00512DEB /* AppDelegate.swift */ = {isa = PBXFileReference; lastKnownFileType = sourcecode.swift; path = AppDelegate.swift; sourceTree = "<group>"; };
		65A773D528D8803F00512DEB /* SceneDelegate.swift */ = {isa = PBXFileReference; lastKnownFileType = sourcecode.swift; path = SceneDelegate.swift; sourceTree = "<group>"; };
		65A773D728D8803F00512DEB /* ViewController.swift */ = {isa = PBXFileReference; lastKnownFileType = sourcecode.swift; path = ViewController.swift; sourceTree = "<group>"; };
		65A773DC28D8804300512DEB /* Assets.xcassets */ = {isa = PBXFileReference; lastKnownFileType = folder.assetcatalog; path = Assets.xcassets; sourceTree = "<group>"; };
		65A773DF28D8804300512DEB /* Base */ = {isa = PBXFileReference; lastKnownFileType = file.storyboard; name = Base; path = Base.lproj/LaunchScreen.storyboard; sourceTree = "<group>"; };
		65A773E128D8804300512DEB /* Info.plist */ = {isa = PBXFileReference; lastKnownFileType = text.plist.xml; path = Info.plist; sourceTree = "<group>"; };
		65A773E628D8804400512DEB /* EssentialAppTests.xctest */ = {isa = PBXFileReference; explicitFileType = wrapper.cfbundle; includeInIndex = 0; path = EssentialAppTests.xctest; sourceTree = BUILT_PRODUCTS_DIR; };
		65A7740428D882B900512DEB /* EssentialFeed.framework */ = {isa = PBXFileReference; explicitFileType = wrapper.framework; path = EssentialFeed.framework; sourceTree = BUILT_PRODUCTS_DIR; };
		65A7740528D882B900512DEB /* EssentialFeediOS.framework */ = {isa = PBXFileReference; explicitFileType = wrapper.framework; path = EssentialFeediOS.framework; sourceTree = BUILT_PRODUCTS_DIR; };
		65E6815328F96ACE008ED3E8 /* FeedImageDataLoaderSpy.swift */ = {isa = PBXFileReference; lastKnownFileType = sourcecode.swift; path = FeedImageDataLoaderSpy.swift; sourceTree = "<group>"; };
/* End PBXFileReference section */

/* Begin PBXFrameworksBuildPhase section */
		65A773CD28D8803F00512DEB /* Frameworks */ = {
			isa = PBXFrameworksBuildPhase;
			buildActionMask = 2147483647;
			files = (
				65A7740628D882B900512DEB /* EssentialFeed.framework in Frameworks */,
				65A7740828D882B900512DEB /* EssentialFeediOS.framework in Frameworks */,
			);
			runOnlyForDeploymentPostprocessing = 0;
		};
		65A773E328D8804400512DEB /* Frameworks */ = {
			isa = PBXFrameworksBuildPhase;
			buildActionMask = 2147483647;
			files = (
			);
			runOnlyForDeploymentPostprocessing = 0;
		};
/* End PBXFrameworksBuildPhase section */

/* Begin PBXGroup section */
		65A265E728DC72720059A0AA /* Helpers */ = {
			isa = PBXGroup;
			children = (
				65A074C7291CD4F200B8FFE6 /* FeedImageCell+TestHelpers.swift */,
				65A074C9291CD4F300B8FFE6 /* UIButton+TestHelpers.swift */,
				65A074C6291CD4F200B8FFE6 /* UIControl+TestHelpers.swift */,
				65A074C4291CD4F200B8FFE6 /* UIImage+TestHelpers.swift */,
				65A074CA291CD4F300B8FFE6 /* UIRefreshControl+TestHelpers.swift */,
				65A074C5291CD4F200B8FFE6 /* FeedViewController+TestHelpers.swift */,
				65A074CB291CD4F300B8FFE6 /* FeedUIIntegrationTests+Localization.swift */,
				65A074C3291CD4F200B8FFE6 /* FeedUIIntegrationTests+LoaderSpy.swift */,
				65A074C8291CD4F200B8FFE6 /* FeedUIIntegrationTests+Assertions.swift */,
				65A265E828DC729F0059A0AA /* XCTestcase+MemoryTracking.swift */,
				65A265EA28DC73090059A0AA /* SharedTestHelpers.swift */,
				6501928428F58E6500EE6BAB /* FeedLoaderStub.swift */,
				6501928628F5928300EE6BAB /* XCTestCase+FeedLoader.swift */,
				65E6815328F96ACE008ED3E8 /* FeedImageDataLoaderSpy.swift */,
			);
			path = Helpers;
			sourceTree = "<group>";
		};
		65A773C728D8803F00512DEB = {
			isa = PBXGroup;
			children = (
				65A773D228D8803F00512DEB /* EssentialApp */,
				65A773E928D8804400512DEB /* EssentialAppTests */,
				65A773D128D8803F00512DEB /* Products */,
				65A7740328D882B900512DEB /* Frameworks */,
			);
			sourceTree = "<group>";
		};
		65A773D128D8803F00512DEB /* Products */ = {
			isa = PBXGroup;
			children = (
				65A773D028D8803F00512DEB /* EssentialApp.app */,
				65A773E628D8804400512DEB /* EssentialAppTests.xctest */,
			);
			name = Products;
			sourceTree = "<group>";
		};
		65A773D228D8803F00512DEB /* EssentialApp */ = {
			isa = PBXGroup;
			children = (
				65A773D328D8803F00512DEB /* AppDelegate.swift */,
				65A773D528D8803F00512DEB /* SceneDelegate.swift */,
				65A074B7291CD4CF00B8FFE6 /* FeedUIComposer.swift */,
				65A074BB291CD4D000B8FFE6 /* FeedViewAdapter.swift */,
				65A074BA291CD4D000B8FFE6 /* WeaKRefVirtualProxy.swift */,
				65A074B9291CD4D000B8FFE6 /* FeedImageDataLoaderPresentationAdapter.swift */,
				65A074B8291CD4D000B8FFE6 /* FeedPresenterAdapter.swift */,
				65A773D728D8803F00512DEB /* ViewController.swift */,
				65A773DC28D8804300512DEB /* Assets.xcassets */,
				65A773DE28D8804300512DEB /* LaunchScreen.storyboard */,
				65A773E128D8804300512DEB /* Info.plist */,
			);
			path = EssentialApp;
			sourceTree = "<group>";
		};
		65A773E928D8804400512DEB /* EssentialAppTests */ = {
			isa = PBXGroup;
			children = (
				65A265E728DC72720059A0AA /* Helpers */,
				65A074D5291CD51B00B8FFE6 /* FeedUIIntegrationTests.swift */,
				65A074B5291CD08F00B8FFE6 /* SceneDelegateTests.swift */,
				65A074D7291CD8BE00B8FFE6 /* FeedAcceptanceTests.swift */,
			);
			path = EssentialAppTests;
			sourceTree = "<group>";
		};
		65A7740328D882B900512DEB /* Frameworks */ = {
			isa = PBXGroup;
			children = (
				65A7740428D882B900512DEB /* EssentialFeed.framework */,
				65A7740528D882B900512DEB /* EssentialFeediOS.framework */,
			);
			name = Frameworks;
			sourceTree = "<group>";
		};
/* End PBXGroup section */

/* Begin PBXNativeTarget section */
		65A773CF28D8803F00512DEB /* EssentialApp */ = {
			isa = PBXNativeTarget;
			buildConfigurationList = 65A773FA28D8804400512DEB /* Build configuration list for PBXNativeTarget "EssentialApp" */;
			buildPhases = (
				65A773CC28D8803F00512DEB /* Sources */,
				65A773CD28D8803F00512DEB /* Frameworks */,
				65A773CE28D8803F00512DEB /* Resources */,
				65A7740A28D882B900512DEB /* Embed Frameworks */,
			);
			buildRules = (
			);
			dependencies = (
			);
			name = EssentialApp;
			productName = EssentialApp;
			productReference = 65A773D028D8803F00512DEB /* EssentialApp.app */;
			productType = "com.apple.product-type.application";
		};
		65A773E528D8804400512DEB /* EssentialAppTests */ = {
			isa = PBXNativeTarget;
			buildConfigurationList = 65A773FD28D8804400512DEB /* Build configuration list for PBXNativeTarget "EssentialAppTests" */;
			buildPhases = (
				65A773E228D8804400512DEB /* Sources */,
				65A773E328D8804400512DEB /* Frameworks */,
				65A773E428D8804400512DEB /* Resources */,
			);
			buildRules = (
			);
			dependencies = (
				65A773E828D8804400512DEB /* PBXTargetDependency */,
			);
			name = EssentialAppTests;
			productName = EssentialAppTests;
			productReference = 65A773E628D8804400512DEB /* EssentialAppTests.xctest */;
			productType = "com.apple.product-type.bundle.unit-test";
		};
/* End PBXNativeTarget section */

/* Begin PBXProject section */
		65A773C828D8803F00512DEB /* Project object */ = {
			isa = PBXProject;
			attributes = {
				BuildIndependentTargetsInParallel = 1;
				LastSwiftUpdateCheck = 1340;
				LastUpgradeCheck = 1340;
				TargetAttributes = {
					65A773CF28D8803F00512DEB = {
						CreatedOnToolsVersion = 13.4;
					};
					65A773E528D8804400512DEB = {
						CreatedOnToolsVersion = 13.4;
						TestTargetID = 65A773CF28D8803F00512DEB;
					};
				};
			};
			buildConfigurationList = 65A773CB28D8803F00512DEB /* Build configuration list for PBXProject "EssentialApp" */;
			compatibilityVersion = "Xcode 13.0";
			developmentRegion = en;
			hasScannedForEncodings = 0;
			knownRegions = (
				en,
				Base,
			);
			mainGroup = 65A773C728D8803F00512DEB;
			productRefGroup = 65A773D128D8803F00512DEB /* Products */;
			projectDirPath = "";
			projectRoot = "";
			targets = (
				65A773CF28D8803F00512DEB /* EssentialApp */,
				65A773E528D8804400512DEB /* EssentialAppTests */,
			);
		};
/* End PBXProject section */

/* Begin PBXResourcesBuildPhase section */
		65A773CE28D8803F00512DEB /* Resources */ = {
			isa = PBXResourcesBuildPhase;
			buildActionMask = 2147483647;
			files = (
				65A773E028D8804300512DEB /* LaunchScreen.storyboard in Resources */,
				65A773DD28D8804300512DEB /* Assets.xcassets in Resources */,
			);
			runOnlyForDeploymentPostprocessing = 0;
		};
		65A773E428D8804400512DEB /* Resources */ = {
			isa = PBXResourcesBuildPhase;
			buildActionMask = 2147483647;
			files = (
			);
			runOnlyForDeploymentPostprocessing = 0;
		};
/* End PBXResourcesBuildPhase section */

/* Begin PBXSourcesBuildPhase section */
		65A773CC28D8803F00512DEB /* Sources */ = {
			isa = PBXSourcesBuildPhase;
			buildActionMask = 2147483647;
			files = (
				65A074C0291CD4D000B8FFE6 /* FeedImageDataLoaderPresentationAdapter.swift in Sources */,
				65A773D828D8803F00512DEB /* ViewController.swift in Sources */,
				65A074BD291CD4D000B8FFE6 /* FeedUIComposer.swift in Sources */,
				65A773D428D8803F00512DEB /* AppDelegate.swift in Sources */,
				65A074C2291CD4D000B8FFE6 /* WeaKRefVirtualProxy.swift in Sources */,
				65A074C1291CD4D000B8FFE6 /* FeedPresenterAdapter.swift in Sources */,
				65A074BE291CD4D000B8FFE6 /* FeedViewAdapter.swift in Sources */,
				65A773D628D8803F00512DEB /* SceneDelegate.swift in Sources */,
			);
			runOnlyForDeploymentPostprocessing = 0;
		};
		65A773E228D8804400512DEB /* Sources */ = {
			isa = PBXSourcesBuildPhase;
			buildActionMask = 2147483647;
			files = (
				65A265EB28DC73090059A0AA /* SharedTestHelpers.swift in Sources */,
				65A074D1291CD4F300B8FFE6 /* FeedUIIntegrationTests+Localization.swift in Sources */,
				65A074CD291CD4F300B8FFE6 /* UIRefreshControl+TestHelpers.swift in Sources */,
				65A074D6291CD51B00B8FFE6 /* FeedUIIntegrationTests.swift in Sources */,
				65A074D0291CD4F300B8FFE6 /* UIControl+TestHelpers.swift in Sources */,
				6501928728F5928300EE6BAB /* XCTestCase+FeedLoader.swift in Sources */,
				65E6815428F96ACE008ED3E8 /* FeedImageDataLoaderSpy.swift in Sources */,
				65A265E928DC729F0059A0AA /* XCTestcase+MemoryTracking.swift in Sources */,
				65A074CE291CD4F300B8FFE6 /* FeedViewController+TestHelpers.swift in Sources */,
				65A074D4291CD4F300B8FFE6 /* FeedImageCell+TestHelpers.swift in Sources */,
				65A074D3291CD4F300B8FFE6 /* UIImage+TestHelpers.swift in Sources */,
				6501928528F58E6500EE6BAB /* FeedLoaderStub.swift in Sources */,
				65A074D2291CD4F300B8FFE6 /* FeedUIIntegrationTests+Assertions.swift in Sources */,
				65A074CC291CD4F300B8FFE6 /* FeedUIIntegrationTests+LoaderSpy.swift in Sources */,
				65A074CF291CD4F300B8FFE6 /* UIButton+TestHelpers.swift in Sources */,
				65A074D8291CD8BE00B8FFE6 /* FeedAcceptanceTests.swift in Sources */,
				65A074B6291CD08F00B8FFE6 /* SceneDelegateTests.swift in Sources */,
			);
			runOnlyForDeploymentPostprocessing = 0;
		};
/* End PBXSourcesBuildPhase section */

/* Begin PBXTargetDependency section */
		65A773E828D8804400512DEB /* PBXTargetDependency */ = {
			isa = PBXTargetDependency;
			target = 65A773CF28D8803F00512DEB /* EssentialApp */;
			targetProxy = 65A773E728D8804400512DEB /* PBXContainerItemProxy */;
		};
/* End PBXTargetDependency section */

/* Begin PBXVariantGroup section */
		65A773DE28D8804300512DEB /* LaunchScreen.storyboard */ = {
			isa = PBXVariantGroup;
			children = (
				65A773DF28D8804300512DEB /* Base */,
			);
			name = LaunchScreen.storyboard;
			sourceTree = "<group>";
		};
/* End PBXVariantGroup section */

/* Begin XCBuildConfiguration section */
		65A773F828D8804400512DEB /* Debug */ = {
			isa = XCBuildConfiguration;
			buildSettings = {
				ALWAYS_SEARCH_USER_PATHS = NO;
				CLANG_ANALYZER_NONNULL = YES;
				CLANG_ANALYZER_NUMBER_OBJECT_CONVERSION = YES_AGGRESSIVE;
				CLANG_CXX_LANGUAGE_STANDARD = "gnu++17";
				CLANG_ENABLE_MODULES = YES;
				CLANG_ENABLE_OBJC_ARC = YES;
				CLANG_ENABLE_OBJC_WEAK = YES;
				CLANG_WARN_BLOCK_CAPTURE_AUTORELEASING = YES;
				CLANG_WARN_BOOL_CONVERSION = YES;
				CLANG_WARN_COMMA = YES;
				CLANG_WARN_CONSTANT_CONVERSION = YES;
				CLANG_WARN_DEPRECATED_OBJC_IMPLEMENTATIONS = YES;
				CLANG_WARN_DIRECT_OBJC_ISA_USAGE = YES_ERROR;
				CLANG_WARN_DOCUMENTATION_COMMENTS = YES;
				CLANG_WARN_EMPTY_BODY = YES;
				CLANG_WARN_ENUM_CONVERSION = YES;
				CLANG_WARN_INFINITE_RECURSION = YES;
				CLANG_WARN_INT_CONVERSION = YES;
				CLANG_WARN_NON_LITERAL_NULL_CONVERSION = YES;
				CLANG_WARN_OBJC_IMPLICIT_RETAIN_SELF = YES;
				CLANG_WARN_OBJC_LITERAL_CONVERSION = YES;
				CLANG_WARN_OBJC_ROOT_CLASS = YES_ERROR;
				CLANG_WARN_QUOTED_INCLUDE_IN_FRAMEWORK_HEADER = YES;
				CLANG_WARN_RANGE_LOOP_ANALYSIS = YES;
				CLANG_WARN_STRICT_PROTOTYPES = YES;
				CLANG_WARN_SUSPICIOUS_MOVE = YES;
				CLANG_WARN_UNGUARDED_AVAILABILITY = YES_AGGRESSIVE;
				CLANG_WARN_UNREACHABLE_CODE = YES;
				CLANG_WARN__DUPLICATE_METHOD_MATCH = YES;
				COPY_PHASE_STRIP = NO;
				DEBUG_INFORMATION_FORMAT = dwarf;
				ENABLE_STRICT_OBJC_MSGSEND = YES;
				ENABLE_TESTABILITY = YES;
				GCC_C_LANGUAGE_STANDARD = gnu11;
				GCC_DYNAMIC_NO_PIC = NO;
				GCC_NO_COMMON_BLOCKS = YES;
				GCC_OPTIMIZATION_LEVEL = 0;
				GCC_PREPROCESSOR_DEFINITIONS = (
					"DEBUG=1",
					"$(inherited)",
				);
				GCC_WARN_64_TO_32_BIT_CONVERSION = YES;
				GCC_WARN_ABOUT_RETURN_TYPE = YES_ERROR;
				GCC_WARN_UNDECLARED_SELECTOR = YES;
				GCC_WARN_UNINITIALIZED_AUTOS = YES_AGGRESSIVE;
				GCC_WARN_UNUSED_FUNCTION = YES;
				GCC_WARN_UNUSED_VARIABLE = YES;
				IPHONEOS_DEPLOYMENT_TARGET = 15.5;
				MTL_ENABLE_DEBUG_INFO = INCLUDE_SOURCE;
				MTL_FAST_MATH = YES;
				ONLY_ACTIVE_ARCH = YES;
				SDKROOT = iphoneos;
				SWIFT_ACTIVE_COMPILATION_CONDITIONS = DEBUG;
				SWIFT_OPTIMIZATION_LEVEL = "-Onone";
			};
			name = Debug;
		};
		65A773F928D8804400512DEB /* Release */ = {
			isa = XCBuildConfiguration;
			buildSettings = {
				ALWAYS_SEARCH_USER_PATHS = NO;
				CLANG_ANALYZER_NONNULL = YES;
				CLANG_ANALYZER_NUMBER_OBJECT_CONVERSION = YES_AGGRESSIVE;
				CLANG_CXX_LANGUAGE_STANDARD = "gnu++17";
				CLANG_ENABLE_MODULES = YES;
				CLANG_ENABLE_OBJC_ARC = YES;
				CLANG_ENABLE_OBJC_WEAK = YES;
				CLANG_WARN_BLOCK_CAPTURE_AUTORELEASING = YES;
				CLANG_WARN_BOOL_CONVERSION = YES;
				CLANG_WARN_COMMA = YES;
				CLANG_WARN_CONSTANT_CONVERSION = YES;
				CLANG_WARN_DEPRECATED_OBJC_IMPLEMENTATIONS = YES;
				CLANG_WARN_DIRECT_OBJC_ISA_USAGE = YES_ERROR;
				CLANG_WARN_DOCUMENTATION_COMMENTS = YES;
				CLANG_WARN_EMPTY_BODY = YES;
				CLANG_WARN_ENUM_CONVERSION = YES;
				CLANG_WARN_INFINITE_RECURSION = YES;
				CLANG_WARN_INT_CONVERSION = YES;
				CLANG_WARN_NON_LITERAL_NULL_CONVERSION = YES;
				CLANG_WARN_OBJC_IMPLICIT_RETAIN_SELF = YES;
				CLANG_WARN_OBJC_LITERAL_CONVERSION = YES;
				CLANG_WARN_OBJC_ROOT_CLASS = YES_ERROR;
				CLANG_WARN_QUOTED_INCLUDE_IN_FRAMEWORK_HEADER = YES;
				CLANG_WARN_RANGE_LOOP_ANALYSIS = YES;
				CLANG_WARN_STRICT_PROTOTYPES = YES;
				CLANG_WARN_SUSPICIOUS_MOVE = YES;
				CLANG_WARN_UNGUARDED_AVAILABILITY = YES_AGGRESSIVE;
				CLANG_WARN_UNREACHABLE_CODE = YES;
				CLANG_WARN__DUPLICATE_METHOD_MATCH = YES;
				COPY_PHASE_STRIP = NO;
				DEBUG_INFORMATION_FORMAT = "dwarf-with-dsym";
				ENABLE_NS_ASSERTIONS = NO;
				ENABLE_STRICT_OBJC_MSGSEND = YES;
				GCC_C_LANGUAGE_STANDARD = gnu11;
				GCC_NO_COMMON_BLOCKS = YES;
				GCC_WARN_64_TO_32_BIT_CONVERSION = YES;
				GCC_WARN_ABOUT_RETURN_TYPE = YES_ERROR;
				GCC_WARN_UNDECLARED_SELECTOR = YES;
				GCC_WARN_UNINITIALIZED_AUTOS = YES_AGGRESSIVE;
				GCC_WARN_UNUSED_FUNCTION = YES;
				GCC_WARN_UNUSED_VARIABLE = YES;
				IPHONEOS_DEPLOYMENT_TARGET = 15.5;
				MTL_ENABLE_DEBUG_INFO = NO;
				MTL_FAST_MATH = YES;
				SDKROOT = iphoneos;
				SWIFT_COMPILATION_MODE = wholemodule;
				SWIFT_OPTIMIZATION_LEVEL = "-O";
				VALIDATE_PRODUCT = YES;
			};
			name = Release;
		};
		65A773FB28D8804400512DEB /* Debug */ = {
			isa = XCBuildConfiguration;
			buildSettings = {
				ASSETCATALOG_COMPILER_APPICON_NAME = AppIcon;
				ASSETCATALOG_COMPILER_GLOBAL_ACCENT_COLOR_NAME = AccentColor;
				CODE_SIGN_STYLE = Automatic;
				CURRENT_PROJECT_VERSION = 1;
				DEVELOPMENT_TEAM = G5F599DRJV;
				GENERATE_INFOPLIST_FILE = YES;
				INFOPLIST_FILE = EssentialApp/Info.plist;
				INFOPLIST_KEY_UIApplicationSupportsIndirectInputEvents = YES;
				INFOPLIST_KEY_UILaunchStoryboardName = LaunchScreen.storyboard;
				INFOPLIST_KEY_UISupportedInterfaceOrientations_iPad = "UIInterfaceOrientationPortrait UIInterfaceOrientationPortraitUpsideDown UIInterfaceOrientationLandscapeLeft UIInterfaceOrientationLandscapeRight";
				INFOPLIST_KEY_UISupportedInterfaceOrientations_iPhone = "UIInterfaceOrientationPortrait UIInterfaceOrientationLandscapeLeft UIInterfaceOrientationLandscapeRight";
				LD_RUNPATH_SEARCH_PATHS = (
					"$(inherited)",
					"@executable_path/Frameworks",
				);
				MARKETING_VERSION = 1.0;
				PRODUCT_BUNDLE_IDENTIFIER = Amrit.EssentialApp;
				PRODUCT_NAME = "$(TARGET_NAME)";
				SWIFT_EMIT_LOC_STRINGS = YES;
				SWIFT_VERSION = 5.0;
				TARGETED_DEVICE_FAMILY = "1,2";
			};
			name = Debug;
		};
		65A773FC28D8804400512DEB /* Release */ = {
			isa = XCBuildConfiguration;
			buildSettings = {
				ASSETCATALOG_COMPILER_APPICON_NAME = AppIcon;
				ASSETCATALOG_COMPILER_GLOBAL_ACCENT_COLOR_NAME = AccentColor;
				CODE_SIGN_STYLE = Automatic;
				CURRENT_PROJECT_VERSION = 1;
				DEVELOPMENT_TEAM = G5F599DRJV;
				GENERATE_INFOPLIST_FILE = YES;
				INFOPLIST_FILE = EssentialApp/Info.plist;
				INFOPLIST_KEY_UIApplicationSupportsIndirectInputEvents = YES;
				INFOPLIST_KEY_UILaunchStoryboardName = LaunchScreen.storyboard;
				INFOPLIST_KEY_UISupportedInterfaceOrientations_iPad = "UIInterfaceOrientationPortrait UIInterfaceOrientationPortraitUpsideDown UIInterfaceOrientationLandscapeLeft UIInterfaceOrientationLandscapeRight";
				INFOPLIST_KEY_UISupportedInterfaceOrientations_iPhone = "UIInterfaceOrientationPortrait UIInterfaceOrientationLandscapeLeft UIInterfaceOrientationLandscapeRight";
				LD_RUNPATH_SEARCH_PATHS = (
					"$(inherited)",
					"@executable_path/Frameworks",
				);
				MARKETING_VERSION = 1.0;
				PRODUCT_BUNDLE_IDENTIFIER = Amrit.EssentialApp;
				PRODUCT_NAME = "$(TARGET_NAME)";
				SWIFT_EMIT_LOC_STRINGS = YES;
				SWIFT_VERSION = 5.0;
				TARGETED_DEVICE_FAMILY = "1,2";
			};
			name = Release;
		};
		65A773FE28D8804400512DEB /* Debug */ = {
			isa = XCBuildConfiguration;
			buildSettings = {
				ALWAYS_EMBED_SWIFT_STANDARD_LIBRARIES = YES;
				BUNDLE_LOADER = "$(TEST_HOST)";
				CODE_SIGN_STYLE = Automatic;
				CURRENT_PROJECT_VERSION = 1;
				DEVELOPMENT_TEAM = G5F599DRJV;
				GENERATE_INFOPLIST_FILE = YES;
				IPHONEOS_DEPLOYMENT_TARGET = 15.5;
				MARKETING_VERSION = 1.0;
				PRODUCT_BUNDLE_IDENTIFIER = Amrit.EssentialAppTests;
				PRODUCT_NAME = "$(TARGET_NAME)";
				SWIFT_EMIT_LOC_STRINGS = NO;
				SWIFT_VERSION = 5.0;
				TARGETED_DEVICE_FAMILY = "1,2";
				TEST_HOST = "$(BUILT_PRODUCTS_DIR)/EssentialApp.app/EssentialApp";
			};
			name = Debug;
		};
		65A773FF28D8804400512DEB /* Release */ = {
			isa = XCBuildConfiguration;
			buildSettings = {
				ALWAYS_EMBED_SWIFT_STANDARD_LIBRARIES = YES;
				BUNDLE_LOADER = "$(TEST_HOST)";
				CODE_SIGN_STYLE = Automatic;
				CURRENT_PROJECT_VERSION = 1;
				DEVELOPMENT_TEAM = G5F599DRJV;
				GENERATE_INFOPLIST_FILE = YES;
				IPHONEOS_DEPLOYMENT_TARGET = 15.5;
				MARKETING_VERSION = 1.0;
				PRODUCT_BUNDLE_IDENTIFIER = Amrit.EssentialAppTests;
				PRODUCT_NAME = "$(TARGET_NAME)";
				SWIFT_EMIT_LOC_STRINGS = NO;
				SWIFT_VERSION = 5.0;
				TARGETED_DEVICE_FAMILY = "1,2";
				TEST_HOST = "$(BUILT_PRODUCTS_DIR)/EssentialApp.app/EssentialApp";
			};
			name = Release;
		};
/* End XCBuildConfiguration section */

/* Begin XCConfigurationList section */
		65A773CB28D8803F00512DEB /* Build configuration list for PBXProject "EssentialApp" */ = {
			isa = XCConfigurationList;
			buildConfigurations = (
				65A773F828D8804400512DEB /* Debug */,
				65A773F928D8804400512DEB /* Release */,
			);
			defaultConfigurationIsVisible = 0;
			defaultConfigurationName = Release;
		};
		65A773FA28D8804400512DEB /* Build configuration list for PBXNativeTarget "EssentialApp" */ = {
			isa = XCConfigurationList;
			buildConfigurations = (
				65A773FB28D8804400512DEB /* Debug */,
				65A773FC28D8804400512DEB /* Release */,
			);
			defaultConfigurationIsVisible = 0;
			defaultConfigurationName = Release;
		};
		65A773FD28D8804400512DEB /* Build configuration list for PBXNativeTarget "EssentialAppTests" */ = {
			isa = XCConfigurationList;
			buildConfigurations = (
				65A773FE28D8804400512DEB /* Debug */,
				65A773FF28D8804400512DEB /* Release */,
			);
			defaultConfigurationIsVisible = 0;
			defaultConfigurationName = Release;
		};
/* End XCConfigurationList section */
	};
	rootObject = 65A773C828D8803F00512DEB /* Project object */;
}
